// !$*UTF8*$!
{
	archiveVersion = 1;
	classes = {
	};
	objectVersion = 56;
	objects = {

/* Begin PBXBuildFile section */
		F28AE8AF2ADFE3CB00A7C921 /* AppDelegate.swift in Sources */ = {isa = PBXBuildFile; fileRef = F28AE8AE2ADFE3CB00A7C921 /* AppDelegate.swift */; };
		F28AE8B12ADFE3CB00A7C921 /* SceneDelegate.swift in Sources */ = {isa = PBXBuildFile; fileRef = F28AE8B02ADFE3CB00A7C921 /* SceneDelegate.swift */; };
		F28AE8B32ADFE3CB00A7C921 /* ViewController.swift in Sources */ = {isa = PBXBuildFile; fileRef = F28AE8B22ADFE3CB00A7C921 /* ViewController.swift */; };
		F28AE8B62ADFE3CB00A7C921 /* Main.storyboard in Resources */ = {isa = PBXBuildFile; fileRef = F28AE8B42ADFE3CB00A7C921 /* Main.storyboard */; };
		F28AE8B82ADFE3CD00A7C921 /* Assets.xcassets in Resources */ = {isa = PBXBuildFile; fileRef = F28AE8B72ADFE3CD00A7C921 /* Assets.xcassets */; };
		F28AE8BB2ADFE3CD00A7C921 /* LaunchScreen.storyboard in Resources */ = {isa = PBXBuildFile; fileRef = F28AE8B92ADFE3CD00A7C921 /* LaunchScreen.storyboard */; };
		F28AE8C62ADFE3CD00A7C921 /* NoteMeBetaTests.swift in Sources */ = {isa = PBXBuildFile; fileRef = F28AE8C52ADFE3CD00A7C921 /* NoteMeBetaTests.swift */; };
		F28AE8D02ADFE3CD00A7C921 /* NoteMeBetaUITests.swift in Sources */ = {isa = PBXBuildFile; fileRef = F28AE8CF2ADFE3CD00A7C921 /* NoteMeBetaUITests.swift */; };
		F28AE8D22ADFE3CD00A7C921 /* NoteMeBetaUITestsLaunchTests.swift in Sources */ = {isa = PBXBuildFile; fileRef = F28AE8D12ADFE3CD00A7C921 /* NoteMeBetaUITestsLaunchTests.swift */; };
/* End PBXBuildFile section */

/* Begin PBXContainerItemProxy section */
		F28AE8C22ADFE3CD00A7C921 /* PBXContainerItemProxy */ = {
			isa = PBXContainerItemProxy;
			containerPortal = F28AE8A32ADFE3CB00A7C921 /* Project object */;
			proxyType = 1;
			remoteGlobalIDString = F28AE8AA2ADFE3CB00A7C921;
			remoteInfo = NoteMeBeta;
		};
		F28AE8CC2ADFE3CD00A7C921 /* PBXContainerItemProxy */ = {
			isa = PBXContainerItemProxy;
			containerPortal = F28AE8A32ADFE3CB00A7C921 /* Project object */;
			proxyType = 1;
			remoteGlobalIDString = F28AE8AA2ADFE3CB00A7C921;
			remoteInfo = NoteMeBeta;
		};
/* End PBXContainerItemProxy section */

/* Begin PBXFileReference section */
		F28AE8AB2ADFE3CB00A7C921 /* NoteMeBeta.app */ = {isa = PBXFileReference; explicitFileType = wrapper.application; includeInIndex = 0; path = NoteMeBeta.app; sourceTree = BUILT_PRODUCTS_DIR; };
		F28AE8AE2ADFE3CB00A7C921 /* AppDelegate.swift */ = {isa = PBXFileReference; lastKnownFileType = sourcecode.swift; path = AppDelegate.swift; sourceTree = "<group>"; };
		F28AE8B02ADFE3CB00A7C921 /* SceneDelegate.swift */ = {isa = PBXFileReference; lastKnownFileType = sourcecode.swift; path = SceneDelegate.swift; sourceTree = "<group>"; };
		F28AE8B22ADFE3CB00A7C921 /* ViewController.swift */ = {isa = PBXFileReference; lastKnownFileType = sourcecode.swift; path = ViewController.swift; sourceTree = "<group>"; };
		F28AE8B52ADFE3CB00A7C921 /* Base */ = {isa = PBXFileReference; lastKnownFileType = file.storyboard; name = Base; path = Base.lproj/Main.storyboard; sourceTree = "<group>"; };
		F28AE8B72ADFE3CD00A7C921 /* Assets.xcassets */ = {isa = PBXFileReference; lastKnownFileType = folder.assetcatalog; path = Assets.xcassets; sourceTree = "<group>"; };
		F28AE8BA2ADFE3CD00A7C921 /* Base */ = {isa = PBXFileReference; lastKnownFileType = file.storyboard; name = Base; path = Base.lproj/LaunchScreen.storyboard; sourceTree = "<group>"; };
		F28AE8BC2ADFE3CD00A7C921 /* Info.plist */ = {isa = PBXFileReference; lastKnownFileType = text.plist.xml; path = Info.plist; sourceTree = "<group>"; };
		F28AE8C12ADFE3CD00A7C921 /* NoteMeBetaTests.xctest */ = {isa = PBXFileReference; explicitFileType = wrapper.cfbundle; includeInIndex = 0; path = NoteMeBetaTests.xctest; sourceTree = BUILT_PRODUCTS_DIR; };
		F28AE8C52ADFE3CD00A7C921 /* NoteMeBetaTests.swift */ = {isa = PBXFileReference; lastKnownFileType = sourcecode.swift; path = NoteMeBetaTests.swift; sourceTree = "<group>"; };
		F28AE8CB2ADFE3CD00A7C921 /* NoteMeBetaUITests.xctest */ = {isa = PBXFileReference; explicitFileType = wrapper.cfbundle; includeInIndex = 0; path = NoteMeBetaUITests.xctest; sourceTree = BUILT_PRODUCTS_DIR; };
		F28AE8CF2ADFE3CD00A7C921 /* NoteMeBetaUITests.swift */ = {isa = PBXFileReference; lastKnownFileType = sourcecode.swift; path = NoteMeBetaUITests.swift; sourceTree = "<group>"; };
		F28AE8D12ADFE3CD00A7C921 /* NoteMeBetaUITestsLaunchTests.swift */ = {isa = PBXFileReference; lastKnownFileType = sourcecode.swift; path = NoteMeBetaUITestsLaunchTests.swift; sourceTree = "<group>"; };
/* End PBXFileReference section */

/* Begin PBXFrameworksBuildPhase section */
		F28AE8A82ADFE3CB00A7C921 /* Frameworks */ = {
			isa = PBXFrameworksBuildPhase;
			buildActionMask = 2147483647;
			files = (
			);
			runOnlyForDeploymentPostprocessing = 0;
		};
		F28AE8BE2ADFE3CD00A7C921 /* Frameworks */ = {
			isa = PBXFrameworksBuildPhase;
			buildActionMask = 2147483647;
			files = (
			);
			runOnlyForDeploymentPostprocessing = 0;
		};
		F28AE8C82ADFE3CD00A7C921 /* Frameworks */ = {
			isa = PBXFrameworksBuildPhase;
			buildActionMask = 2147483647;
			files = (
			);
			runOnlyForDeploymentPostprocessing = 0;
		};
/* End PBXFrameworksBuildPhase section */

/* Begin PBXGroup section */
		F28AE8A22ADFE3CB00A7C921 = {
			isa = PBXGroup;
			children = (
				F28AE8AD2ADFE3CB00A7C921 /* NoteMeBeta */,
				F28AE8C42ADFE3CD00A7C921 /* NoteMeBetaTests */,
				F28AE8CE2ADFE3CD00A7C921 /* NoteMeBetaUITests */,
				F28AE8AC2ADFE3CB00A7C921 /* Products */,
			);
			sourceTree = "<group>";
		};
		F28AE8AC2ADFE3CB00A7C921 /* Products */ = {
			isa = PBXGroup;
			children = (
				F28AE8AB2ADFE3CB00A7C921 /* NoteMeBeta.app */,
				F28AE8C12ADFE3CD00A7C921 /* NoteMeBetaTests.xctest */,
				F28AE8CB2ADFE3CD00A7C921 /* NoteMeBetaUITests.xctest */,
			);
			name = Products;
			sourceTree = "<group>";
		};
		F28AE8AD2ADFE3CB00A7C921 /* NoteMeBeta */ = {
			isa = PBXGroup;
			children = (
				F28AE8AE2ADFE3CB00A7C921 /* AppDelegate.swift */,
				F28AE8B02ADFE3CB00A7C921 /* SceneDelegate.swift */,
				F28AE8B22ADFE3CB00A7C921 /* ViewController.swift */,
				F28AE8B42ADFE3CB00A7C921 /* Main.storyboard */,
				F28AE8B72ADFE3CD00A7C921 /* Assets.xcassets */,
				F28AE8B92ADFE3CD00A7C921 /* LaunchScreen.storyboard */,
				F28AE8BC2ADFE3CD00A7C921 /* Info.plist */,
			);
			path = NoteMeBeta;
			sourceTree = "<group>";
		};
		F28AE8C42ADFE3CD00A7C921 /* NoteMeBetaTests */ = {
			isa = PBXGroup;
			children = (
				F28AE8C52ADFE3CD00A7C921 /* NoteMeBetaTests.swift */,
			);
			path = NoteMeBetaTests;
			sourceTree = "<group>";
		};
		F28AE8CE2ADFE3CD00A7C921 /* NoteMeBetaUITests */ = {
			isa = PBXGroup;
			children = (
				F28AE8CF2ADFE3CD00A7C921 /* NoteMeBetaUITests.swift */,
				F28AE8D12ADFE3CD00A7C921 /* NoteMeBetaUITestsLaunchTests.swift */,
			);
			path = NoteMeBetaUITests;
			sourceTree = "<group>";
		};
/* End PBXGroup section */

/* Begin PBXNativeTarget section */
		F28AE8AA2ADFE3CB00A7C921 /* NoteMeBeta */ = {
			isa = PBXNativeTarget;
			buildConfigurationList = F28AE8D52ADFE3CD00A7C921 /* Build configuration list for PBXNativeTarget "NoteMeBeta" */;
			buildPhases = (
				F28AE8A72ADFE3CB00A7C921 /* Sources */,
				F28AE8A82ADFE3CB00A7C921 /* Frameworks */,
				F28AE8A92ADFE3CB00A7C921 /* Resources */,
			);
			buildRules = (
			);
			dependencies = (
			);
			name = NoteMeBeta;
			productName = NoteMeBeta;
			productReference = F28AE8AB2ADFE3CB00A7C921 /* NoteMeBeta.app */;
			productType = "com.apple.product-type.application";
		};
		F28AE8C02ADFE3CD00A7C921 /* NoteMeBetaTests */ = {
			isa = PBXNativeTarget;
			buildConfigurationList = F28AE8D82ADFE3CD00A7C921 /* Build configuration list for PBXNativeTarget "NoteMeBetaTests" */;
			buildPhases = (
				F28AE8BD2ADFE3CD00A7C921 /* Sources */,
				F28AE8BE2ADFE3CD00A7C921 /* Frameworks */,
				F28AE8BF2ADFE3CD00A7C921 /* Resources */,
			);
			buildRules = (
			);
			dependencies = (
				F28AE8C32ADFE3CD00A7C921 /* PBXTargetDependency */,
			);
			name = NoteMeBetaTests;
			productName = NoteMeBetaTests;
			productReference = F28AE8C12ADFE3CD00A7C921 /* NoteMeBetaTests.xctest */;
			productType = "com.apple.product-type.bundle.unit-test";
		};
		F28AE8CA2ADFE3CD00A7C921 /* NoteMeBetaUITests */ = {
			isa = PBXNativeTarget;
			buildConfigurationList = F28AE8DB2ADFE3CD00A7C921 /* Build configuration list for PBXNativeTarget "NoteMeBetaUITests" */;
			buildPhases = (
				F28AE8C72ADFE3CD00A7C921 /* Sources */,
				F28AE8C82ADFE3CD00A7C921 /* Frameworks */,
				F28AE8C92ADFE3CD00A7C921 /* Resources */,
			);
			buildRules = (
			);
			dependencies = (
				F28AE8CD2ADFE3CD00A7C921 /* PBXTargetDependency */,
			);
			name = NoteMeBetaUITests;
			productName = NoteMeBetaUITests;
			productReference = F28AE8CB2ADFE3CD00A7C921 /* NoteMeBetaUITests.xctest */;
			productType = "com.apple.product-type.bundle.ui-testing";
		};
/* End PBXNativeTarget section */

/* Begin PBXProject section */
		F28AE8A32ADFE3CB00A7C921 /* Project object */ = {
			isa = PBXProject;
			attributes = {
				BuildIndependentTargetsInParallel = 1;
				LastSwiftUpdateCheck = 1500;
				LastUpgradeCheck = 1500;
				TargetAttributes = {
					F28AE8AA2ADFE3CB00A7C921 = {
						CreatedOnToolsVersion = 15.0;
					};
					F28AE8C02ADFE3CD00A7C921 = {
						CreatedOnToolsVersion = 15.0;
						TestTargetID = F28AE8AA2ADFE3CB00A7C921;
					};
					F28AE8CA2ADFE3CD00A7C921 = {
						CreatedOnToolsVersion = 15.0;
						TestTargetID = F28AE8AA2ADFE3CB00A7C921;
					};
				};
			};
			buildConfigurationList = F28AE8A62ADFE3CB00A7C921 /* Build configuration list for PBXProject "NoteMeBeta" */;
			compatibilityVersion = "Xcode 14.0";
			developmentRegion = en;
			hasScannedForEncodings = 0;
			knownRegions = (
				en,
				Base,
			);
			mainGroup = F28AE8A22ADFE3CB00A7C921;
			productRefGroup = F28AE8AC2ADFE3CB00A7C921 /* Products */;
			projectDirPath = "";
			projectRoot = "";
			targets = (
				F28AE8AA2ADFE3CB00A7C921 /* NoteMeBeta */,
				F28AE8C02ADFE3CD00A7C921 /* NoteMeBetaTests */,
				F28AE8CA2ADFE3CD00A7C921 /* NoteMeBetaUITests */,
			);
		};
/* End PBXProject section */

/* Begin PBXResourcesBuildPhase section */
		F28AE8A92ADFE3CB00A7C921 /* Resources */ = {
			isa = PBXResourcesBuildPhase;
			buildActionMask = 2147483647;
			files = (
				F28AE8BB2ADFE3CD00A7C921 /* LaunchScreen.storyboard in Resources */,
				F28AE8B82ADFE3CD00A7C921 /* Assets.xcassets in Resources */,
				F28AE8B62ADFE3CB00A7C921 /* Main.storyboard in Resources */,
			);
			runOnlyForDeploymentPostprocessing = 0;
		};
		F28AE8BF2ADFE3CD00A7C921 /* Resources */ = {
			isa = PBXResourcesBuildPhase;
			buildActionMask = 2147483647;
			files = (
			);
			runOnlyForDeploymentPostprocessing = 0;
		};
		F28AE8C92ADFE3CD00A7C921 /* Resources */ = {
			isa = PBXResourcesBuildPhase;
			buildActionMask = 2147483647;
			files = (
			);
			runOnlyForDeploymentPostprocessing = 0;
		};
/* End PBXResourcesBuildPhase section */

/* Begin PBXSourcesBuildPhase section */
		F28AE8A72ADFE3CB00A7C921 /* Sources */ = {
			isa = PBXSourcesBuildPhase;
			buildActionMask = 2147483647;
			files = (
				F28AE8B32ADFE3CB00A7C921 /* ViewController.swift in Sources */,
				F28AE8AF2ADFE3CB00A7C921 /* AppDelegate.swift in Sources */,
				F28AE8B12ADFE3CB00A7C921 /* SceneDelegate.swift in Sources */,
			);
			runOnlyForDeploymentPostprocessing = 0;
		};
		F28AE8BD2ADFE3CD00A7C921 /* Sources */ = {
			isa = PBXSourcesBuildPhase;
			buildActionMask = 2147483647;
			files = (
				F28AE8C62ADFE3CD00A7C921 /* NoteMeBetaTests.swift in Sources */,
			);
			runOnlyForDeploymentPostprocessing = 0;
		};
		F28AE8C72ADFE3CD00A7C921 /* Sources */ = {
			isa = PBXSourcesBuildPhase;
			buildActionMask = 2147483647;
			files = (
				F28AE8D22ADFE3CD00A7C921 /* NoteMeBetaUITestsLaunchTests.swift in Sources */,
				F28AE8D02ADFE3CD00A7C921 /* NoteMeBetaUITests.swift in Sources */,
			);
			runOnlyForDeploymentPostprocessing = 0;
		};
/* End PBXSourcesBuildPhase section */

/* Begin PBXTargetDependency section */
		F28AE8C32ADFE3CD00A7C921 /* PBXTargetDependency */ = {
			isa = PBXTargetDependency;
			target = F28AE8AA2ADFE3CB00A7C921 /* NoteMeBeta */;
			targetProxy = F28AE8C22ADFE3CD00A7C921 /* PBXContainerItemProxy */;
		};
		F28AE8CD2ADFE3CD00A7C921 /* PBXTargetDependency */ = {
			isa = PBXTargetDependency;
			target = F28AE8AA2ADFE3CB00A7C921 /* NoteMeBeta */;
			targetProxy = F28AE8CC2ADFE3CD00A7C921 /* PBXContainerItemProxy */;
		};
/* End PBXTargetDependency section */

/* Begin PBXVariantGroup section */
		F28AE8B42ADFE3CB00A7C921 /* Main.storyboard */ = {
			isa = PBXVariantGroup;
			children = (
				F28AE8B52ADFE3CB00A7C921 /* Base */,
			);
			name = Main.storyboard;
			sourceTree = "<group>";
		};
		F28AE8B92ADFE3CD00A7C921 /* LaunchScreen.storyboard */ = {
			isa = PBXVariantGroup;
			children = (
				F28AE8BA2ADFE3CD00A7C921 /* Base */,
			);
			name = LaunchScreen.storyboard;
			sourceTree = "<group>";
		};
/* End PBXVariantGroup section */

/* Begin XCBuildConfiguration section */
		F28AE8D32ADFE3CD00A7C921 /* Debug */ = {
			isa = XCBuildConfiguration;
			buildSettings = {
				ALWAYS_SEARCH_USER_PATHS = NO;
				ASSETCATALOG_COMPILER_GENERATE_SWIFT_ASSET_SYMBOL_EXTENSIONS = YES;
				CLANG_ANALYZER_NONNULL = YES;
				CLANG_ANALYZER_NUMBER_OBJECT_CONVERSION = YES_AGGRESSIVE;
				CLANG_CXX_LANGUAGE_STANDARD = "gnu++20";
				CLANG_ENABLE_MODULES = YES;
				CLANG_ENABLE_OBJC_ARC = YES;
				CLANG_ENABLE_OBJC_WEAK = YES;
				CLANG_WARN_BLOCK_CAPTURE_AUTORELEASING = YES;
				CLANG_WARN_BOOL_CONVERSION = YES;
				CLANG_WARN_COMMA = YES;
				CLANG_WARN_CONSTANT_CONVERSION = YES;
				CLANG_WARN_DEPRECATED_OBJC_IMPLEMENTATIONS = YES;
				CLANG_WARN_DIRECT_OBJC_ISA_USAGE = YES_ERROR;
				CLANG_WARN_DOCUMENTATION_COMMENTS = YES;
				CLANG_WARN_EMPTY_BODY = YES;
				CLANG_WARN_ENUM_CONVERSION = YES;
				CLANG_WARN_INFINITE_RECURSION = YES;
				CLANG_WARN_INT_CONVERSION = YES;
				CLANG_WARN_NON_LITERAL_NULL_CONVERSION = YES;
				CLANG_WARN_OBJC_IMPLICIT_RETAIN_SELF = YES;
				CLANG_WARN_OBJC_LITERAL_CONVERSION = YES;
				CLANG_WARN_OBJC_ROOT_CLASS = YES_ERROR;
				CLANG_WARN_QUOTED_INCLUDE_IN_FRAMEWORK_HEADER = YES;
				CLANG_WARN_RANGE_LOOP_ANALYSIS = YES;
				CLANG_WARN_STRICT_PROTOTYPES = YES;
				CLANG_WARN_SUSPICIOUS_MOVE = YES;
				CLANG_WARN_UNGUARDED_AVAILABILITY = YES_AGGRESSIVE;
				CLANG_WARN_UNREACHABLE_CODE = YES;
				CLANG_WARN__DUPLICATE_METHOD_MATCH = YES;
				COPY_PHASE_STRIP = NO;
				DEBUG_INFORMATION_FORMAT = dwarf;
				ENABLE_STRICT_OBJC_MSGSEND = YES;
				ENABLE_TESTABILITY = YES;
				ENABLE_USER_SCRIPT_SANDBOXING = YES;
				GCC_C_LANGUAGE_STANDARD = gnu17;
				GCC_DYNAMIC_NO_PIC = NO;
				GCC_NO_COMMON_BLOCKS = YES;
				GCC_OPTIMIZATION_LEVEL = 0;
				GCC_PREPROCESSOR_DEFINITIONS = (
					"DEBUG=1",
					"$(inherited)",
				);
				GCC_WARN_64_TO_32_BIT_CONVERSION = YES;
				GCC_WARN_ABOUT_RETURN_TYPE = YES_ERROR;
				GCC_WARN_UNDECLARED_SELECTOR = YES;
				GCC_WARN_UNINITIALIZED_AUTOS = YES_AGGRESSIVE;
				GCC_WARN_UNUSED_FUNCTION = YES;
				GCC_WARN_UNUSED_VARIABLE = YES;
				IPHONEOS_DEPLOYMENT_TARGET = 17.0;
				LOCALIZATION_PREFERS_STRING_CATALOGS = YES;
				MTL_ENABLE_DEBUG_INFO = INCLUDE_SOURCE;
				MTL_FAST_MATH = YES;
				ONLY_ACTIVE_ARCH = YES;
				SDKROOT = iphoneos;
				SWIFT_ACTIVE_COMPILATION_CONDITIONS = "DEBUG $(inherited)";
				SWIFT_OPTIMIZATION_LEVEL = "-Onone";
			};
			name = Debug;
		};
		F28AE8D42ADFE3CD00A7C921 /* Release */ = {
			isa = XCBuildConfiguration;
			buildSettings = {
				ALWAYS_SEARCH_USER_PATHS = NO;
				ASSETCATALOG_COMPILER_GENERATE_SWIFT_ASSET_SYMBOL_EXTENSIONS = YES;
				CLANG_ANALYZER_NONNULL = YES;
				CLANG_ANALYZER_NUMBER_OBJECT_CONVERSION = YES_AGGRESSIVE;
				CLANG_CXX_LANGUAGE_STANDARD = "gnu++20";
				CLANG_ENABLE_MODULES = YES;
				CLANG_ENABLE_OBJC_ARC = YES;
				CLANG_ENABLE_OBJC_WEAK = YES;
				CLANG_WARN_BLOCK_CAPTURE_AUTORELEASING = YES;
				CLANG_WARN_BOOL_CONVERSION = YES;
				CLANG_WARN_COMMA = YES;
				CLANG_WARN_CONSTANT_CONVERSION = YES;
				CLANG_WARN_DEPRECATED_OBJC_IMPLEMENTATIONS = YES;
				CLANG_WARN_DIRECT_OBJC_ISA_USAGE = YES_ERROR;
				CLANG_WARN_DOCUMENTATION_COMMENTS = YES;
				CLANG_WARN_EMPTY_BODY = YES;
				CLANG_WARN_ENUM_CONVERSION = YES;
				CLANG_WARN_INFINITE_RECURSION = YES;
				CLANG_WARN_INT_CONVERSION = YES;
				CLANG_WARN_NON_LITERAL_NULL_CONVERSION = YES;
				CLANG_WARN_OBJC_IMPLICIT_RETAIN_SELF = YES;
				CLANG_WARN_OBJC_LITERAL_CONVERSION = YES;
				CLANG_WARN_OBJC_ROOT_CLASS = YES_ERROR;
				CLANG_WARN_QUOTED_INCLUDE_IN_FRAMEWORK_HEADER = YES;
				CLANG_WARN_RANGE_LOOP_ANALYSIS = YES;
				CLANG_WARN_STRICT_PROTOTYPES = YES;
				CLANG_WARN_SUSPICIOUS_MOVE = YES;
				CLANG_WARN_UNGUARDED_AVAILABILITY = YES_AGGRESSIVE;
				CLANG_WARN_UNREACHABLE_CODE = YES;
				CLANG_WARN__DUPLICATE_METHOD_MATCH = YES;
				COPY_PHASE_STRIP = NO;
				DEBUG_INFORMATION_FORMAT = "dwarf-with-dsym";
				ENABLE_NS_ASSERTIONS = NO;
				ENABLE_STRICT_OBJC_MSGSEND = YES;
				ENABLE_USER_SCRIPT_SANDBOXING = YES;
				GCC_C_LANGUAGE_STANDARD = gnu17;
				GCC_NO_COMMON_BLOCKS = YES;
				GCC_WARN_64_TO_32_BIT_CONVERSION = YES;
				GCC_WARN_ABOUT_RETURN_TYPE = YES_ERROR;
				GCC_WARN_UNDECLARED_SELECTOR = YES;
				GCC_WARN_UNINITIALIZED_AUTOS = YES_AGGRESSIVE;
				GCC_WARN_UNUSED_FUNCTION = YES;
				GCC_WARN_UNUSED_VARIABLE = YES;
				IPHONEOS_DEPLOYMENT_TARGET = 17.0;
				LOCALIZATION_PREFERS_STRING_CATALOGS = YES;
				MTL_ENABLE_DEBUG_INFO = NO;
				MTL_FAST_MATH = YES;
				SDKROOT = iphoneos;
				SWIFT_COMPILATION_MODE = wholemodule;
				VALIDATE_PRODUCT = YES;
			};
			name = Release;
		};
		F28AE8D62ADFE3CD00A7C921 /* Debug */ = {
			isa = XCBuildConfiguration;
			buildSettings = {
				ASSETCATALOG_COMPILER_APPICON_NAME = AppIcon;
				ASSETCATALOG_COMPILER_GLOBAL_ACCENT_COLOR_NAME = AccentColor;
				CODE_SIGN_STYLE = Automatic;
				CURRENT_PROJECT_VERSION = 1;
				DEVELOPMENT_TEAM = HS3N4SX6NK;
				GENERATE_INFOPLIST_FILE = YES;
				INFOPLIST_FILE = NoteMeBeta/Info.plist;
				INFOPLIST_KEY_UIApplicationSupportsIndirectInputEvents = YES;
				INFOPLIST_KEY_UILaunchStoryboardName = LaunchScreen;
				INFOPLIST_KEY_UIMainStoryboardFile = Main;
				INFOPLIST_KEY_UISupportedInterfaceOrientations_iPad = "UIInterfaceOrientationPortrait UIInterfaceOrientationPortraitUpsideDown UIInterfaceOrientationLandscapeLeft UIInterfaceOrientationLandscapeRight";
				INFOPLIST_KEY_UISupportedInterfaceOrientations_iPhone = "UIInterfaceOrientationPortrait UIInterfaceOrientationLandscapeLeft UIInterfaceOrientationLandscapeRight";
				LD_RUNPATH_SEARCH_PATHS = (
					"$(inherited)",
					"@executable_path/Frameworks",
				);
				MARKETING_VERSION = 1.0;
				PRODUCT_BUNDLE_IDENTIFIER = egorpetkevich.NoteMeBeta;
				PRODUCT_NAME = "$(TARGET_NAME)";
				SWIFT_EMIT_LOC_STRINGS = YES;
				SWIFT_VERSION = 5.0;
				TARGETED_DEVICE_FAMILY = "1,2";
			};
			name = Debug;
		};
		F28AE8D72ADFE3CD00A7C921 /* Release */ = {
			isa = XCBuildConfiguration;
			buildSettings = {
				ASSETCATALOG_COMPILER_APPICON_NAME = AppIcon;
				ASSETCATALOG_COMPILER_GLOBAL_ACCENT_COLOR_NAME = AccentColor;
				CODE_SIGN_STYLE = Automatic;
				CURRENT_PROJECT_VERSION = 1;
				DEVELOPMENT_TEAM = HS3N4SX6NK;
				GENERATE_INFOPLIST_FILE = YES;
				INFOPLIST_FILE = NoteMeBeta/Info.plist;
				INFOPLIST_KEY_UIApplicationSupportsIndirectInputEvents = YES;
				INFOPLIST_KEY_UILaunchStoryboardName = LaunchScreen;
				INFOPLIST_KEY_UIMainStoryboardFile = Main;
				INFOPLIST_KEY_UISupportedInterfaceOrientations_iPad = "UIInterfaceOrientationPortrait UIInterfaceOrientationPortraitUpsideDown UIInterfaceOrientationLandscapeLeft UIInterfaceOrientationLandscapeRight";
				INFOPLIST_KEY_UISupportedInterfaceOrientations_iPhone = "UIInterfaceOrientationPortrait UIInterfaceOrientationLandscapeLeft UIInterfaceOrientationLandscapeRight";
				LD_RUNPATH_SEARCH_PATHS = (
					"$(inherited)",
					"@executable_path/Frameworks",
				);
				MARKETING_VERSION = 1.0;
				PRODUCT_BUNDLE_IDENTIFIER = egorpetkevich.NoteMeBeta;
				PRODUCT_NAME = "$(TARGET_NAME)";
				SWIFT_EMIT_LOC_STRINGS = YES;
				SWIFT_VERSION = 5.0;
				TARGETED_DEVICE_FAMILY = "1,2";
			};
			name = Release;
		};
		F28AE8D92ADFE3CD00A7C921 /* Debug */ = {
			isa = XCBuildConfiguration;
			buildSettings = {
				ALWAYS_EMBED_SWIFT_STANDARD_LIBRARIES = YES;
				BUNDLE_LOADER = "$(TEST_HOST)";
				CODE_SIGN_STYLE = Automatic;
				CURRENT_PROJECT_VERSION = 1;
				DEVELOPMENT_TEAM = HS3N4SX6NK;
				GENERATE_INFOPLIST_FILE = YES;
				IPHONEOS_DEPLOYMENT_TARGET = 17.0;
				MARKETING_VERSION = 1.0;
				PRODUCT_BUNDLE_IDENTIFIER = egorpetkevich.NoteMeBetaTests;
				PRODUCT_NAME = "$(TARGET_NAME)";
				SWIFT_EMIT_LOC_STRINGS = NO;
				SWIFT_VERSION = 5.0;
				TARGETED_DEVICE_FAMILY = "1,2";
				TEST_HOST = "$(BUILT_PRODUCTS_DIR)/NoteMeBeta.app/$(BUNDLE_EXECUTABLE_FOLDER_PATH)/NoteMeBeta";
			};
			name = Debug;
		};
		F28AE8DA2ADFE3CD00A7C921 /* Release */ = {
			isa = XCBuildConfiguration;
			buildSettings = {
				ALWAYS_EMBED_SWIFT_STANDARD_LIBRARIES = YES;
				BUNDLE_LOADER = "$(TEST_HOST)";
				CODE_SIGN_STYLE = Automatic;
				CURRENT_PROJECT_VERSION = 1;
				DEVELOPMENT_TEAM = HS3N4SX6NK;
				GENERATE_INFOPLIST_FILE = YES;
				IPHONEOS_DEPLOYMENT_TARGET = 17.0;
				MARKETING_VERSION = 1.0;
				PRODUCT_BUNDLE_IDENTIFIER = egorpetkevich.NoteMeBetaTests;
				PRODUCT_NAME = "$(TARGET_NAME)";
				SWIFT_EMIT_LOC_STRINGS = NO;
				SWIFT_VERSION = 5.0;
				TARGETED_DEVICE_FAMILY = "1,2";
				TEST_HOST = "$(BUILT_PRODUCTS_DIR)/NoteMeBeta.app/$(BUNDLE_EXECUTABLE_FOLDER_PATH)/NoteMeBeta";
			};
			name = Release;
		};
		F28AE8DC2ADFE3CD00A7C921 /* Debug */ = {
			isa = XCBuildConfiguration;
			buildSettings = {
				ALWAYS_EMBED_SWIFT_STANDARD_LIBRARIES = YES;
				CODE_SIGN_STYLE = Automatic;
				CURRENT_PROJECT_VERSION = 1;
				DEVELOPMENT_TEAM = HS3N4SX6NK;
				GENERATE_INFOPLIST_FILE = YES;
				MARKETING_VERSION = 1.0;
				PRODUCT_BUNDLE_IDENTIFIER = egorpetkevich.NoteMeBetaUITests;
				PRODUCT_NAME = "$(TARGET_NAME)";
				SWIFT_EMIT_LOC_STRINGS = NO;
				SWIFT_VERSION = 5.0;
				TARGETED_DEVICE_FAMILY = "1,2";
				TEST_TARGET_NAME = NoteMeBeta;
			};
			name = Debug;
		};
		F28AE8DD2ADFE3CD00A7C921 /* Release */ = {
			isa = XCBuildConfiguration;
			buildSettings = {
				ALWAYS_EMBED_SWIFT_STANDARD_LIBRARIES = YES;
				CODE_SIGN_STYLE = Automatic;
				CURRENT_PROJECT_VERSION = 1;
				DEVELOPMENT_TEAM = HS3N4SX6NK;
				GENERATE_INFOPLIST_FILE = YES;
				MARKETING_VERSION = 1.0;
				PRODUCT_BUNDLE_IDENTIFIER = egorpetkevich.NoteMeBetaUITests;
				PRODUCT_NAME = "$(TARGET_NAME)";
				SWIFT_EMIT_LOC_STRINGS = NO;
				SWIFT_VERSION = 5.0;
				TARGETED_DEVICE_FAMILY = "1,2";
				TEST_TARGET_NAME = NoteMeBeta;
			};
			name = Release;
		};
/* End XCBuildConfiguration section */

/* Begin XCConfigurationList section */
		F28AE8A62ADFE3CB00A7C921 /* Build configuration list for PBXProject "NoteMeBeta" */ = {
			isa = XCConfigurationList;
			buildConfigurations = (
				F28AE8D32ADFE3CD00A7C921 /* Debug */,
				F28AE8D42ADFE3CD00A7C921 /* Release */,
			);
			defaultConfigurationIsVisible = 0;
			defaultConfigurationName = Release;
		};
		F28AE8D52ADFE3CD00A7C921 /* Build configuration list for PBXNativeTarget "NoteMeBeta" */ = {
			isa = XCConfigurationList;
			buildConfigurations = (
				F28AE8D62ADFE3CD00A7C921 /* Debug */,
				F28AE8D72ADFE3CD00A7C921 /* Release */,
			);
			defaultConfigurationIsVisible = 0;
			defaultConfigurationName = Release;
		};
		F28AE8D82ADFE3CD00A7C921 /* Build configuration list for PBXNativeTarget "NoteMeBetaTests" */ = {
			isa = XCConfigurationList;
			buildConfigurations = (
				F28AE8D92ADFE3CD00A7C921 /* Debug */,
				F28AE8DA2ADFE3CD00A7C921 /* Release */,
			);
			defaultConfigurationIsVisible = 0;
			defaultConfigurationName = Release;
		};
		F28AE8DB2ADFE3CD00A7C921 /* Build configuration list for PBXNativeTarget "NoteMeBetaUITests" */ = {
			isa = XCConfigurationList;
			buildConfigurations = (
				F28AE8DC2ADFE3CD00A7C921 /* Debug */,
				F28AE8DD2ADFE3CD00A7C921 /* Release */,
			);
			defaultConfigurationIsVisible = 0;
			defaultConfigurationName = Release;
		};
/* End XCConfigurationList section */
	};
	rootObject = F28AE8A32ADFE3CB00A7C921 /* Project object */;
}
